
Microsoft Visual Studio Solution File, Format Version 11.00
# Visual Studio 2010
Project("{FAE04EC0-301F-11D3-BF4B-00C04F79EFBC}") = "Attributes_3", "Attributes_3\Attributes_3.csproj", "{4BAC9E8D-5EE1-461B-94B3-3C86E8273B39}"
EndProject
Global
	GlobalSection(SolutionConfigurationPlatforms) = preSolution
		Debug|x86 = Debug|x86
		Release|x86 = Release|x86
	EndGlobalSection
	GlobalSection(ProjectConfigurationPlatforms) = postSolution
		{4BAC9E8D-5EE1-461B-94B3-3C86E8273B39}.Debug|x86.ActiveCfg = Debug|x86
		{4BAC9E8D-5EE1-461B-94B3-3C86E8273B39}.Debug|x86.Build.0 = Debug|x86
		{4BAC9E8D-5EE1-461B-94B3-3C86E8273B39}.Release|x86.ActiveCfg = Release|x86
		{4BAC9E8D-5EE1-461B-94B3-3C86E8273B39}.Release|x86.Build.0 = Release|x86
	EndGlobalSection
	GlobalSection(MonoDevelopProperties) = preSolution
		StartupItem = Attributes_3\Attributes_3.csproj
	EndGlobalSection
EndGlobal
